
Microsoft Visual Studio Solution File, Format Version 12.00
# Visual Studio Version 17
VisualStudioVersion = 17.0.31903.59
MinimumVisualStudioVersion = 10.0.40219.1
Project("{FAE04EC0-301F-11D3-BF4B-00C04F79EFBC}") = "CortexCommerce.API", "CortexCommerce.API\CortexCommerce.API.csproj", "{4D21BB51-22C7-41EF-84CC-470316B9FC40}"
EndProject
Project("{FAE04EC0-301F-11D3-BF4B-00C04F79EFBC}") = "CortexCommerce.Dominio", "CortexCommerce.Dominio\CortexCommerce.Dominio.csproj", "{80485B18-7AF4-466C-8913-6BF2F736879B}"
EndProject
Project("{FAE04EC0-301F-11D3-BF4B-00C04F79EFBC}") = "CortexCommerce.Aplicacao", "CortexCommerce.Aplicacao\CortexCommerce.Aplicacao.csproj", "{D40245DF-0FEC-40B1-88CE-3BE9F9A08F07}"
EndProject
Project("{FAE04EC0-301F-11D3-BF4B-00C04F79EFBC}") = "CortexCommerce.Repositorio", "CortexCommerce.Repositorio\CortexCommerce.Repositorio.csproj", "{4ACA914E-01E2-4AFE-8F71-034FC92B2763}"
EndProject
Project("{FAE04EC0-301F-11D3-BF4B-00C04F79EFBC}") = "CortexCommerce.Service", "CortexCommerce.Service\CortexCommerce.Service.csproj", "{FABC41C1-D5B4-4A34-8159-833D8FD43966}"
EndProject
Global
	GlobalSection(SolutionConfigurationPlatforms) = preSolution
		Debug|Any CPU = Debug|Any CPU
		Debug|x64 = Debug|x64
		Debug|x86 = Debug|x86
		Release|Any CPU = Release|Any CPU
		Release|x64 = Release|x64
		Release|x86 = Release|x86
	EndGlobalSection
	GlobalSection(ProjectConfigurationPlatforms) = postSolution
		{4D21BB51-22C7-41EF-84CC-470316B9FC40}.Debug|Any CPU.ActiveCfg = Debug|Any CPU
		{4D21BB51-22C7-41EF-84CC-470316B9FC40}.Debug|Any CPU.Build.0 = Debug|Any CPU
		{4D21BB51-22C7-41EF-84CC-470316B9FC40}.Debug|x64.ActiveCfg = Debug|Any CPU
		{4D21BB51-22C7-41EF-84CC-470316B9FC40}.Debug|x64.Build.0 = Debug|Any CPU
		{4D21BB51-22C7-41EF-84CC-470316B9FC40}.Debug|x86.ActiveCfg = Debug|Any CPU
		{4D21BB51-22C7-41EF-84CC-470316B9FC40}.Debug|x86.Build.0 = Debug|Any CPU
		{4D21BB51-22C7-41EF-84CC-470316B9FC40}.Release|Any CPU.ActiveCfg = Release|Any CPU
		{4D21BB51-22C7-41EF-84CC-470316B9FC40}.Release|Any CPU.Build.0 = Release|Any CPU
		{4D21BB51-22C7-41EF-84CC-470316B9FC40}.Release|x64.ActiveCfg = Release|Any CPU
		{4D21BB51-22C7-41EF-84CC-470316B9FC40}.Release|x64.Build.0 = Release|Any CPU
		{4D21BB51-22C7-41EF-84CC-470316B9FC40}.Release|x86.ActiveCfg = Release|Any CPU
		{4D21BB51-22C7-41EF-84CC-470316B9FC40}.Release|x86.Build.0 = Release|Any CPU
		{80485B18-7AF4-466C-8913-6BF2F736879B}.Debug|Any CPU.ActiveCfg = Debug|Any CPU
		{80485B18-7AF4-466C-8913-6BF2F736879B}.Debug|Any CPU.Build.0 = Debug|Any CPU
		{80485B18-7AF4-466C-8913-6BF2F736879B}.Debug|x64.ActiveCfg = Debug|Any CPU
		{80485B18-7AF4-466C-8913-6BF2F736879B}.Debug|x64.Build.0 = Debug|Any CPU
		{80485B18-7AF4-466C-8913-6BF2F736879B}.Debug|x86.ActiveCfg = Debug|Any CPU
		{80485B18-7AF4-466C-8913-6BF2F736879B}.Debug|x86.Build.0 = Debug|Any CPU
		{80485B18-7AF4-466C-8913-6BF2F736879B}.Release|Any CPU.ActiveCfg = Release|Any CPU
		{80485B18-7AF4-466C-8913-6BF2F736879B}.Release|Any CPU.Build.0 = Release|Any CPU
		{80485B18-7AF4-466C-8913-6BF2F736879B}.Release|x64.ActiveCfg = Release|Any CPU
		{80485B18-7AF4-466C-8913-6BF2F736879B}.Release|x64.Build.0 = Release|Any CPU
		{80485B18-7AF4-466C-8913-6BF2F736879B}.Release|x86.ActiveCfg = Release|Any CPU
		{80485B18-7AF4-466C-8913-6BF2F736879B}.Release|x86.Build.0 = Release|Any CPU
		{D40245DF-0FEC-40B1-88CE-3BE9F9A08F07}.Debug|Any CPU.ActiveCfg = Debug|Any CPU
		{D40245DF-0FEC-40B1-88CE-3BE9F9A08F07}.Debug|Any CPU.Build.0 = Debug|Any CPU
		{D40245DF-0FEC-40B1-88CE-3BE9F9A08F07}.Debug|x64.ActiveCfg = Debug|Any CPU
		{D40245DF-0FEC-40B1-88CE-3BE9F9A08F07}.Debug|x64.Build.0 = Debug|Any CPU
		{D40245DF-0FEC-40B1-88CE-3BE9F9A08F07}.Debug|x86.ActiveCfg = Debug|Any CPU
		{D40245DF-0FEC-40B1-88CE-3BE9F9A08F07}.Debug|x86.Build.0 = Debug|Any CPU
		{D40245DF-0FEC-40B1-88CE-3BE9F9A08F07}.Release|Any CPU.ActiveCfg = Release|Any CPU
		{D40245DF-0FEC-40B1-88CE-3BE9F9A08F07}.Release|Any CPU.Build.0 = Release|Any CPU
		{D40245DF-0FEC-40B1-88CE-3BE9F9A08F07}.Release|x64.ActiveCfg = Release|Any CPU
		{D40245DF-0FEC-40B1-88CE-3BE9F9A08F07}.Release|x64.Build.0 = Release|Any CPU
		{D40245DF-0FEC-40B1-88CE-3BE9F9A08F07}.Release|x86.ActiveCfg = Release|Any CPU
		{D40245DF-0FEC-40B1-88CE-3BE9F9A08F07}.Release|x86.Build.0 = Release|Any CPU
		{4ACA914E-01E2-4AFE-8F71-034FC92B2763}.Debug|Any CPU.ActiveCfg = Debug|Any CPU
		{4ACA914E-01E2-4AFE-8F71-034FC92B2763}.Debug|Any CPU.Build.0 = Debug|Any CPU
		{4ACA914E-01E2-4AFE-8F71-034FC92B2763}.Debug|x64.ActiveCfg = Debug|Any CPU
		{4ACA914E-01E2-4AFE-8F71-034FC92B2763}.Debug|x64.Build.0 = Debug|Any CPU
		{4ACA914E-01E2-4AFE-8F71-034FC92B2763}.Debug|x86.ActiveCfg = Debug|Any CPU
		{4ACA914E-01E2-4AFE-8F71-034FC92B2763}.Debug|x86.Build.0 = Debug|Any CPU
		{4ACA914E-01E2-4AFE-8F71-034FC92B2763}.Release|Any CPU.ActiveCfg = Release|Any CPU
		{4ACA914E-01E2-4AFE-8F71-034FC92B2763}.Release|Any CPU.Build.0 = Release|Any CPU
		{4ACA914E-01E2-4AFE-8F71-034FC92B2763}.Release|x64.ActiveCfg = Release|Any CPU
		{4ACA914E-01E2-4AFE-8F71-034FC92B2763}.Release|x64.Build.0 = Release|Any CPU
		{4ACA914E-01E2-4AFE-8F71-034FC92B2763}.Release|x86.ActiveCfg = Release|Any CPU
		{4ACA914E-01E2-4AFE-8F71-034FC92B2763}.Release|x86.Build.0 = Release|Any CPU
		{FABC41C1-D5B4-4A34-8159-833D8FD43966}.Debug|Any CPU.ActiveCfg = Debug|Any CPU
		{FABC41C1-D5B4-4A34-8159-833D8FD43966}.Debug|Any CPU.Build.0 = Debug|Any CPU
		{FABC41C1-D5B4-4A34-8159-833D8FD43966}.Debug|x64.ActiveCfg = Debug|Any CPU
		{FABC41C1-D5B4-4A34-8159-833D8FD43966}.Debug|x64.Build.0 = Debug|Any CPU
		{FABC41C1-D5B4-4A34-8159-833D8FD43966}.Debug|x86.ActiveCfg = Debug|Any CPU
		{FABC41C1-D5B4-4A34-8159-833D8FD43966}.Debug|x86.Build.0 = Debug|Any CPU
		{FABC41C1-D5B4-4A34-8159-833D8FD43966}.Release|Any CPU.ActiveCfg = Release|Any CPU
		{FABC41C1-D5B4-4A34-8159-833D8FD43966}.Release|Any CPU.Build.0 = Release|Any CPU
		{FABC41C1-D5B4-4A34-8159-833D8FD43966}.Release|x64.ActiveCfg = Release|Any CPU
		{FABC41C1-D5B4-4A34-8159-833D8FD43966}.Release|x64.Build.0 = Release|Any CPU
		{FABC41C1-D5B4-4A34-8159-833D8FD43966}.Release|x86.ActiveCfg = Release|Any CPU
		{FABC41C1-D5B4-4A34-8159-833D8FD43966}.Release|x86.Build.0 = Release|Any CPU
	EndGlobalSection
	GlobalSection(SolutionProperties) = preSolution
		HideSolutionNode = FALSE
	EndGlobalSection
EndGlobal
